features_extraction:
  cmd: python feature_extraction.py
  deps:
  - path: feature_extraction.py
    md5: 63176e0f1247186c00de76daf52d1c74
  - path: raw_data/
    md5: 792524431359050f576fa9115caa8d96.dir
  outs:
  - path: dataset/features.csv
    md5: e53e8a99e2fd2a66c490c95a3db62864
features_val:
  cmd: python validate_features.py dataset/features.csv
  deps:
  - path: dataset/features.csv
    md5: e53e8a99e2fd2a66c490c95a3db62864
  - path: validate_features.py
    md5: 14978b6eb182439d40496c2e48359432
seirhcd_extraction:
  cmd: python fit_experiment.py dataset/features.csv data/seirhcd.csv
  deps:
  - path: dataset/features.csv
    md5: e53e8a99e2fd2a66c490c95a3db62864
  - path: fit_experiment.py
    md5: 355e198c1579fd1425d4454247df2c15
  outs:
  - path: data/seirhcd.csv
    md5: 3219a736391ff7127273b3848b69450f
